
Microsoft Visual Studio Solution File, Format Version 12.00
# Visual Studio Version 16
VisualStudioVersion = 16.0.33801.447
MinimumVisualStudioVersion = 10.0.40219.1
Project("{FAE04EC0-301F-11D3-BF4B-00C04F79EFBC}") = "Quanlybanhangluuniem", "Quanlybanhangluuniem\Quanlybanhangluuniem.csproj", "{7D99FDB4-3CE0-46BC-A147-01B9EB722785}"
EndProject
Project("{54435603-DBB4-11D2-8724-00A0C9A8B90C}") = "Setup3", "Setup3\Setup3.vdproj", "{CB81DB31-D6EC-4EEF-AF6F-AA14CA4DBEE8}"
EndProject
Global
	GlobalSection(SolutionConfigurationPlatforms) = preSolution
		Debug|Any CPU = Debug|Any CPU
		Release|Any CPU = Release|Any CPU
	EndGlobalSection
	GlobalSection(ProjectConfigurationPlatforms) = postSolution
		{7D99FDB4-3CE0-46BC-A147-01B9EB722785}.Debug|Any CPU.ActiveCfg = Debug|Any CPU
		{7D99FDB4-3CE0-46BC-A147-01B9EB722785}.Debug|Any CPU.Build.0 = Debug|Any CPU
		{7D99FDB4-3CE0-46BC-A147-01B9EB722785}.Release|Any CPU.ActiveCfg = Release|Any CPU
		{7D99FDB4-3CE0-46BC-A147-01B9EB722785}.Release|Any CPU.Build.0 = Release|Any CPU
		{CB81DB31-D6EC-4EEF-AF6F-AA14CA4DBEE8}.Debug|Any CPU.ActiveCfg = Debug
		{CB81DB31-D6EC-4EEF-AF6F-AA14CA4DBEE8}.Release|Any CPU.ActiveCfg = Release
	EndGlobalSection
	GlobalSection(SolutionProperties) = preSolution
		HideSolutionNode = FALSE
	EndGlobalSection
	GlobalSection(ExtensibilityGlobals) = postSolution
		SolutionGuid = {CB815EFE-83F6-47E1-9C60-D8655889A2FE}
	EndGlobalSection
EndGlobal
